
Microsoft Visual Studio Solution File, Format Version 12.00
# Visual Studio Version 17
VisualStudioVersion = 17.0.31903.59
MinimumVisualStudioVersion = 10.0.40219.1
Project("{2150E333-8FDC-42A3-9474-1A3956D46DE8}") = "src", "src", "{827E0CD3-B72D-47B6-A68D-7590B98EB39B}"
EndProject
Project("{FAE04EC0-301F-11D3-BF4B-00C04F79EFBC}") = "AutoCardSync.Domain", "src\AutoCardSync.Domain\AutoCardSync.Domain.csproj", "{CB62F172-D703-4805-BB66-4E64206431E0}"
EndProject
Project("{FAE04EC0-301F-11D3-BF4B-00C04F79EFBC}") = "AutoCardSync.Standalone.Core", "src\AutoCardSync.Standalone.Core\AutoCardSync.Standalone.Core.csproj", "{FEE6D89D-ED65-4E92-8FEC-E9376358D08F}"
EndProject
Project("{FAE04EC0-301F-11D3-BF4B-00C04F79EFBC}") = "AutoCardSync.Standalone", "src\AutoCardSync.Standalone\AutoCardSync.Standalone.csproj", "{896040F0-9B64-4E13-8680-0C481030D3FA}"
EndProject
Project("{B7DD6F7E-DEF8-4E67-B5B7-07EF123DB6F0}") = "AutoCardSync.Standalone.Installer", "src\AutoCardSync.Standalone.Installer\AutoCardSync.Standalone.Installer.csproj", "{899CD483-BBF2-4378-B16C-2E2D84BE0CE8}"
EndProject
Project("{B7DD6F7E-DEF8-4E67-B5B7-07EF123DB6F0}") = "AutoCardSync.Bootstrapper", "src\AutoCardSync.Bootstrapper\AutoCardSync.Bootstrapper.csproj", "{6627A5A0-9147-43EB-A241-F6D4D2BA4A4E}"
EndProject
Project("{2150E333-8FDC-42A3-9474-1A3956D46DE8}") = "tests", "tests", "{0AB3BF05-4346-4AA6-1389-037BE0695223}"
EndProject
Project("{FAE04EC0-301F-11D3-BF4B-00C04F79EFBC}") = "AutoCardSync.Standalone.Core.Tests", "tests\AutoCardSync.Standalone.Core.Tests\AutoCardSync.Standalone.Core.Tests.csproj", "{CA516C3C-9D47-4A23-A541-0F660B1BB5E6}"
EndProject
Global
	GlobalSection(SolutionConfigurationPlatforms) = preSolution
		Debug|Any CPU = Debug|Any CPU
		Debug|x64 = Debug|x64
		Debug|x86 = Debug|x86
		Release|Any CPU = Release|Any CPU
		Release|x64 = Release|x64
		Release|x86 = Release|x86
	EndGlobalSection
	GlobalSection(ProjectConfigurationPlatforms) = postSolution
		{CB62F172-D703-4805-BB66-4E64206431E0}.Debug|Any CPU.ActiveCfg = Debug|Any CPU
		{CB62F172-D703-4805-BB66-4E64206431E0}.Debug|Any CPU.Build.0 = Debug|Any CPU
		{CB62F172-D703-4805-BB66-4E64206431E0}.Debug|x64.ActiveCfg = Debug|Any CPU
		{CB62F172-D703-4805-BB66-4E64206431E0}.Debug|x64.Build.0 = Debug|Any CPU
		{CB62F172-D703-4805-BB66-4E64206431E0}.Debug|x86.ActiveCfg = Debug|Any CPU
		{CB62F172-D703-4805-BB66-4E64206431E0}.Debug|x86.Build.0 = Debug|Any CPU
		{CB62F172-D703-4805-BB66-4E64206431E0}.Release|Any CPU.ActiveCfg = Release|Any CPU
		{CB62F172-D703-4805-BB66-4E64206431E0}.Release|Any CPU.Build.0 = Release|Any CPU
		{CB62F172-D703-4805-BB66-4E64206431E0}.Release|x64.ActiveCfg = Release|Any CPU
		{CB62F172-D703-4805-BB66-4E64206431E0}.Release|x64.Build.0 = Release|Any CPU
		{CB62F172-D703-4805-BB66-4E64206431E0}.Release|x86.ActiveCfg = Release|Any CPU
		{CB62F172-D703-4805-BB66-4E64206431E0}.Release|x86.Build.0 = Release|Any CPU
		{FEE6D89D-ED65-4E92-8FEC-E9376358D08F}.Debug|Any CPU.ActiveCfg = Debug|Any CPU
		{FEE6D89D-ED65-4E92-8FEC-E9376358D08F}.Debug|Any CPU.Build.0 = Debug|Any CPU
		{FEE6D89D-ED65-4E92-8FEC-E9376358D08F}.Debug|x64.ActiveCfg = Debug|Any CPU
		{FEE6D89D-ED65-4E92-8FEC-E9376358D08F}.Debug|x64.Build.0 = Debug|Any CPU
		{FEE6D89D-ED65-4E92-8FEC-E9376358D08F}.Debug|x86.ActiveCfg = Debug|Any CPU
		{FEE6D89D-ED65-4E92-8FEC-E9376358D08F}.Debug|x86.Build.0 = Debug|Any CPU
		{FEE6D89D-ED65-4E92-8FEC-E9376358D08F}.Release|Any CPU.ActiveCfg = Release|Any CPU
		{FEE6D89D-ED65-4E92-8FEC-E9376358D08F}.Release|Any CPU.Build.0 = Release|Any CPU
		{FEE6D89D-ED65-4E92-8FEC-E9376358D08F}.Release|x64.ActiveCfg = Release|Any CPU
		{FEE6D89D-ED65-4E92-8FEC-E9376358D08F}.Release|x64.Build.0 = Release|Any CPU
		{FEE6D89D-ED65-4E92-8FEC-E9376358D08F}.Release|x86.ActiveCfg = Release|Any CPU
		{FEE6D89D-ED65-4E92-8FEC-E9376358D08F}.Release|x86.Build.0 = Release|Any CPU
		{896040F0-9B64-4E13-8680-0C481030D3FA}.Debug|Any CPU.ActiveCfg = Debug|Any CPU
		{896040F0-9B64-4E13-8680-0C481030D3FA}.Debug|Any CPU.Build.0 = Debug|Any CPU
		{896040F0-9B64-4E13-8680-0C481030D3FA}.Debug|x64.ActiveCfg = Debug|Any CPU
		{896040F0-9B64-4E13-8680-0C481030D3FA}.Debug|x64.Build.0 = Debug|Any CPU
		{896040F0-9B64-4E13-8680-0C481030D3FA}.Debug|x86.ActiveCfg = Debug|Any CPU
		{896040F0-9B64-4E13-8680-0C481030D3FA}.Debug|x86.Build.0 = Debug|Any CPU
		{896040F0-9B64-4E13-8680-0C481030D3FA}.Release|Any CPU.ActiveCfg = Release|Any CPU
		{896040F0-9B64-4E13-8680-0C481030D3FA}.Release|Any CPU.Build.0 = Release|Any CPU
		{896040F0-9B64-4E13-8680-0C481030D3FA}.Release|x64.ActiveCfg = Release|Any CPU
		{896040F0-9B64-4E13-8680-0C481030D3FA}.Release|x64.Build.0 = Release|Any CPU
		{896040F0-9B64-4E13-8680-0C481030D3FA}.Release|x86.ActiveCfg = Release|Any CPU
		{896040F0-9B64-4E13-8680-0C481030D3FA}.Release|x86.Build.0 = Release|Any CPU
		{899CD483-BBF2-4378-B16C-2E2D84BE0CE8}.Debug|Any CPU.ActiveCfg = Debug|Any CPU
		{899CD483-BBF2-4378-B16C-2E2D84BE0CE8}.Debug|Any CPU.Build.0 = Debug|Any CPU
		{899CD483-BBF2-4378-B16C-2E2D84BE0CE8}.Debug|x64.ActiveCfg = Debug|Any CPU
		{899CD483-BBF2-4378-B16C-2E2D84BE0CE8}.Debug|x64.Build.0 = Debug|Any CPU
		{899CD483-BBF2-4378-B16C-2E2D84BE0CE8}.Debug|x86.ActiveCfg = Debug|Any CPU
		{899CD483-BBF2-4378-B16C-2E2D84BE0CE8}.Debug|x86.Build.0 = Debug|Any CPU
		{899CD483-BBF2-4378-B16C-2E2D84BE0CE8}.Release|Any CPU.ActiveCfg = Release|Any CPU
		{899CD483-BBF2-4378-B16C-2E2D84BE0CE8}.Release|Any CPU.Build.0 = Release|Any CPU
		{899CD483-BBF2-4378-B16C-2E2D84BE0CE8}.Release|x64.ActiveCfg = Release|Any CPU
		{899CD483-BBF2-4378-B16C-2E2D84BE0CE8}.Release|x64.Build.0 = Release|Any CPU
		{899CD483-BBF2-4378-B16C-2E2D84BE0CE8}.Release|x86.ActiveCfg = Release|Any CPU
		{899CD483-BBF2-4378-B16C-2E2D84BE0CE8}.Release|x86.Build.0 = Release|Any CPU
		{6627A5A0-9147-43EB-A241-F6D4D2BA4A4E}.Debug|Any CPU.ActiveCfg = Debug|Any CPU
		{6627A5A0-9147-43EB-A241-F6D4D2BA4A4E}.Debug|Any CPU.Build.0 = Debug|Any CPU
		{6627A5A0-9147-43EB-A241-F6D4D2BA4A4E}.Debug|x64.ActiveCfg = Debug|Any CPU
		{6627A5A0-9147-43EB-A241-F6D4D2BA4A4E}.Debug|x64.Build.0 = Debug|Any CPU
		{6627A5A0-9147-43EB-A241-F6D4D2BA4A4E}.Debug|x86.ActiveCfg = Debug|Any CPU
		{6627A5A0-9147-43EB-A241-F6D4D2BA4A4E}.Debug|x86.Build.0 = Debug|Any CPU
		{6627A5A0-9147-43EB-A241-F6D4D2BA4A4E}.Release|Any CPU.ActiveCfg = Release|Any CPU
		{6627A5A0-9147-43EB-A241-F6D4D2BA4A4E}.Release|Any CPU.Build.0 = Release|Any CPU
		{6627A5A0-9147-43EB-A241-F6D4D2BA4A4E}.Release|x64.ActiveCfg = Release|Any CPU
		{6627A5A0-9147-43EB-A241-F6D4D2BA4A4E}.Release|x64.Build.0 = Release|Any CPU
		{6627A5A0-9147-43EB-A241-F6D4D2BA4A4E}.Release|x86.ActiveCfg = Release|Any CPU
		{6627A5A0-9147-43EB-A241-F6D4D2BA4A4E}.Release|x86.Build.0 = Release|Any CPU
		{CA516C3C-9D47-4A23-A541-0F660B1BB5E6}.Debug|Any CPU.ActiveCfg = Debug|Any CPU
		{CA516C3C-9D47-4A23-A541-0F660B1BB5E6}.Debug|Any CPU.Build.0 = Debug|Any CPU
		{CA516C3C-9D47-4A23-A541-0F660B1BB5E6}.Debug|x64.ActiveCfg = Debug|Any CPU
		{CA516C3C-9D47-4A23-A541-0F660B1BB5E6}.Debug|x64.Build.0 = Debug|Any CPU
		{CA516C3C-9D47-4A23-A541-0F660B1BB5E6}.Debug|x86.ActiveCfg = Debug|Any CPU
		{CA516C3C-9D47-4A23-A541-0F660B1BB5E6}.Debug|x86.Build.0 = Debug|Any CPU
		{CA516C3C-9D47-4A23-A541-0F660B1BB5E6}.Release|Any CPU.ActiveCfg = Release|Any CPU
		{CA516C3C-9D47-4A23-A541-0F660B1BB5E6}.Release|Any CPU.Build.0 = Release|Any CPU
		{CA516C3C-9D47-4A23-A541-0F660B1BB5E6}.Release|x64.ActiveCfg = Release|Any CPU
		{CA516C3C-9D47-4A23-A541-0F660B1BB5E6}.Release|x64.Build.0 = Release|Any CPU
		{CA516C3C-9D47-4A23-A541-0F660B1BB5E6}.Release|x86.ActiveCfg = Release|Any CPU
		{CA516C3C-9D47-4A23-A541-0F660B1BB5E6}.Release|x86.Build.0 = Release|Any CPU
	EndGlobalSection
	GlobalSection(SolutionProperties) = preSolution
		HideSolutionNode = FALSE
	EndGlobalSection
	GlobalSection(NestedProjects) = preSolution
		{CB62F172-D703-4805-BB66-4E64206431E0} = {827E0CD3-B72D-47B6-A68D-7590B98EB39B}
		{FEE6D89D-ED65-4E92-8FEC-E9376358D08F} = {827E0CD3-B72D-47B6-A68D-7590B98EB39B}
		{896040F0-9B64-4E13-8680-0C481030D3FA} = {827E0CD3-B72D-47B6-A68D-7590B98EB39B}
		{899CD483-BBF2-4378-B16C-2E2D84BE0CE8} = {827E0CD3-B72D-47B6-A68D-7590B98EB39B}
		{6627A5A0-9147-43EB-A241-F6D4D2BA4A4E} = {827E0CD3-B72D-47B6-A68D-7590B98EB39B}
		{CA516C3C-9D47-4A23-A541-0F660B1BB5E6} = {0AB3BF05-4346-4AA6-1389-037BE0695223}
	EndGlobalSection
EndGlobal
